schema: '2.0'
stages:
  fetch:
    cmd: python -m src.data.fetch --lat 12.9716 --lon 77.5946 --radius 25000 
      --city Bengaluru
    deps:
    - path: src/data/fetch.py
      hash: md5
      md5: 59bd2a767587c8937bee18254dfda2b5
      size: 7981
    outs:
    - path: data/raw/latest.csv
      hash: md5
      md5: 1cc9fd6171ba9dff2d73f25f6c9dc420
      size: 1247695
  preprocess:
    cmd: python -m src.data.preprocess
    deps:
    - path: data/raw/latest.csv
      hash: md5
      md5: 1cc9fd6171ba9dff2d73f25f6c9dc420
      size: 1247695
    - path: src/data/preprocess.py
      hash: md5
      md5: 95274e2fb02860d658313b98da499a06
      size: 7611
    outs:
    - path: data/processed/scaler.pkl
      hash: md5
      md5: ba2b2dece74374c835af068fb52c16eb
      size: 1055
    - path: data/processed/test.csv
      hash: md5
      md5: ec2c2a4bc5e48d1e673346522ed37960
      size: 38075
    - path: data/processed/train.csv
      hash: md5
      md5: 53c8eeaeb1bb46b0941a1740714e54d2
      size: 177739
    - path: data/processed/val.csv
      hash: md5
      md5: ca5a7e12cfd04f0b17917e2f7ad1190b
      size: 38148
  train:
    cmd: python -m src.model.train
    deps:
    - path: data/processed/scaler.pkl
      hash: md5
      md5: ba2b2dece74374c835af068fb52c16eb
      size: 1055
    - path: data/processed/train.csv
      hash: md5
      md5: 53c8eeaeb1bb46b0941a1740714e54d2
      size: 177739
    - path: data/processed/val.csv
      hash: md5
      md5: ca5a7e12cfd04f0b17917e2f7ad1190b
      size: 38148
    - path: src/model/mlp.py
      hash: md5
      md5: 9fc19a8cb96bb7842e4d69aa5ffe0d32
      size: 933
    - path: src/model/train.py
      hash: md5
      md5: b0834a747b6fdc5bed0574410eb0f10d
      size: 7249
    outs:
    - path: metrics/train_metrics.json
      hash: md5
      md5: 5504bda1dec4cf842b2d47fae9a634cc
      size: 108
    - path: models/best_model.pt
      hash: md5
      md5: c0b034613ac3ce88a03b783d5e53eae9
      size: 18549
